
Microsoft Visual Studio Solution File, Format Version 12.00
# Visual Studio Version 16
VisualStudioVersion = 16.0.30114.105
MinimumVisualStudioVersion = 10.0.40219.1
Project("{FAE04EC0-301F-11D3-BF4B-00C04F79EFBC}") = "CoffeeApi", "CoffeeApi\CoffeeApi.csproj", "{A8D47D53-6C83-445A-BB6D-5709B7B47AB6}"
EndProject
Project("{FAE04EC0-301F-11D3-BF4B-00C04F79EFBC}") = "TeaApi", "TeaApi\TeaApi.csproj", "{106E114A-A7A6-4881-A5A8-B6D3BC637309}"
EndProject
Global
	GlobalSection(SolutionConfigurationPlatforms) = preSolution
		Debug|Any CPU = Debug|Any CPU
		Release|Any CPU = Release|Any CPU
	EndGlobalSection
	GlobalSection(SolutionProperties) = preSolution
		HideSolutionNode = FALSE
	EndGlobalSection
	GlobalSection(ProjectConfigurationPlatforms) = postSolution
		{A8D47D53-6C83-445A-BB6D-5709B7B47AB6}.Debug|Any CPU.ActiveCfg = Debug|Any CPU
		{A8D47D53-6C83-445A-BB6D-5709B7B47AB6}.Debug|Any CPU.Build.0 = Debug|Any CPU
		{A8D47D53-6C83-445A-BB6D-5709B7B47AB6}.Release|Any CPU.ActiveCfg = Release|Any CPU
		{A8D47D53-6C83-445A-BB6D-5709B7B47AB6}.Release|Any CPU.Build.0 = Release|Any CPU
		{106E114A-A7A6-4881-A5A8-B6D3BC637309}.Debug|Any CPU.ActiveCfg = Debug|Any CPU
		{106E114A-A7A6-4881-A5A8-B6D3BC637309}.Debug|Any CPU.Build.0 = Debug|Any CPU
		{106E114A-A7A6-4881-A5A8-B6D3BC637309}.Release|Any CPU.ActiveCfg = Release|Any CPU
		{106E114A-A7A6-4881-A5A8-B6D3BC637309}.Release|Any CPU.Build.0 = Release|Any CPU
	EndGlobalSection
EndGlobal
